// !$*UTF8*$!
{
	archiveVersion = 1;
	classes = {
	};
	objectVersion = 77;
	objects = {

/* Begin PBXBuildFile section */
		100000000000000000000018 /* DietumApp.swift in Sources */ = {isa = PBXBuildFile; fileRef = 10000000000000000000000F /* DietumApp.swift */; };
		100000000000000000000019 /* RootView.swift in Sources */ = {isa = PBXBuildFile; fileRef = 100000000000000000000010 /* RootView.swift */; };
		10000000000000000000001A /* AppContainer.swift in Sources */ = {isa = PBXBuildFile; fileRef = 100000000000000000000011 /* AppContainer.swift */; };
		10000000000000000000001B /* AppRoute.swift in Sources */ = {isa = PBXBuildFile; fileRef = 100000000000000000000012 /* AppRoute.swift */; };
		10000000000000000000001C /* DashboardView.swift in Sources */ = {isa = PBXBuildFile; fileRef = 100000000000000000000013 /* DashboardView.swift */; };
		100000000000000000000099 /* DashboardViewModel.swift in Sources */ = {isa = PBXBuildFile; fileRef = 100000000000000000000098 /* DashboardViewModel.swift */; };
		10000000000000000000001D /* OnboardingView.swift in Sources */ = {isa = PBXBuildFile; fileRef = 100000000000000000000014 /* OnboardingView.swift */; };
		1000000000000000000000BB /* GoalSetupView.swift in Sources */ = {isa = PBXBuildFile; fileRef = 1000000000000000000000BC /* GoalSetupView.swift */; };
		1000000000000000000000B5 /* GoalSetupDraft.swift in Sources */ = {isa = PBXBuildFile; fileRef = 1000000000000000000000B0 /* GoalSetupDraft.swift */; };
		1000000000000000000000B6 /* GoalSetupViewModel.swift in Sources */ = {isa = PBXBuildFile; fileRef = 1000000000000000000000B1 /* GoalSetupViewModel.swift */; };
		1000000000000000000000B7 /* SleepSetupView.swift in Sources */ = {isa = PBXBuildFile; fileRef = 1000000000000000000000B2 /* SleepSetupView.swift */; };
		1000000000000000000000B8 /* SleepSetupViewModel.swift in Sources */ = {isa = PBXBuildFile; fileRef = 1000000000000000000000B3 /* SleepSetupViewModel.swift */; };
		1000000000000000000000B9 /* OnboardingDraft.swift in Sources */ = {isa = PBXBuildFile; fileRef = 1000000000000000000000B4 /* OnboardingDraft.swift */; };
		10000000000000000000001E /* DomainModelPlaceholder.swift in Sources */ = {isa = PBXBuildFile; fileRef = 100000000000000000000015 /* DomainModelPlaceholder.swift */; };
		10000000000000000000001F /* RepositoryPlaceholder.swift in Sources */ = {isa = PBXBuildFile; fileRef = 100000000000000000000016 /* RepositoryPlaceholder.swift */; };
		100000000000000000000020 /* ServicePlaceholder.swift in Sources */ = {isa = PBXBuildFile; fileRef = 100000000000000000000017 /* ServicePlaceholder.swift */; };
		100000000000000000000021 /* NavigationPlaceholder.swift in Sources */ = {isa = PBXBuildFile; fileRef = 100000000000000000000022 /* NavigationPlaceholder.swift */; };
		100000000000000000000032 /* DependencyInjectionPlaceholder.swift in Sources */ = {isa = PBXBuildFile; fileRef = 100000000000000000000023 /* DependencyInjectionPlaceholder.swift */; };
		100000000000000000000033 /* DesignSystemPlaceholder.swift in Sources */ = {isa = PBXBuildFile; fileRef = 100000000000000000000024 /* DesignSystemPlaceholder.swift */; };
		100000000000000000000049 /* DietumPersistenceStack.swift in Sources */ = {isa = PBXBuildFile; fileRef = 100000000000000000000042 /* DietumPersistenceStack.swift */; };
		10000000000000000000004A /* StoredNutritionTarget.swift in Sources */ = {isa = PBXBuildFile; fileRef = 100000000000000000000043 /* StoredNutritionTarget.swift */; };
		10000000000000000000004B /* StoredUserProfile.swift in Sources */ = {isa = PBXBuildFile; fileRef = 100000000000000000000044 /* StoredUserProfile.swift */; };
		10000000000000000000004C /* StoredWeightEntry.swift in Sources */ = {isa = PBXBuildFile; fileRef = 100000000000000000000045 /* StoredWeightEntry.swift */; };
		10000000000000000000004D /* SwiftDataNutritionTargetRepository.swift in Sources */ = {isa = PBXBuildFile; fileRef = 100000000000000000000046 /* SwiftDataNutritionTargetRepository.swift */; };
		10000000000000000000004E /* SwiftDataUserProfileRepository.swift in Sources */ = {isa = PBXBuildFile; fileRef = 100000000000000000000047 /* SwiftDataUserProfileRepository.swift */; };
		10000000000000000000004F /* SwiftDataWeightEntryRepository.swift in Sources */ = {isa = PBXBuildFile; fileRef = 100000000000000000000048 /* SwiftDataWeightEntryRepository.swift */; };
		100000000000000000000050 /* StoredMealEntry.swift in Sources */ = {isa = PBXBuildFile; fileRef = 100000000000000000000054 /* StoredMealEntry.swift */; };
		100000000000000000000051 /* StoredMealPhotoMetadata.swift in Sources */ = {isa = PBXBuildFile; fileRef = 100000000000000000000055 /* StoredMealPhotoMetadata.swift */; };
		100000000000000000000052 /* SwiftDataMealEntryRepository.swift in Sources */ = {isa = PBXBuildFile; fileRef = 100000000000000000000056 /* SwiftDataMealEntryRepository.swift */; };
		100000000000000000000053 /* SwiftDataMealPhotoMetadataRepository.swift in Sources */ = {isa = PBXBuildFile; fileRef = 100000000000000000000057 /* SwiftDataMealPhotoMetadataRepository.swift */; };
		100000000000000000000061 /* MealLoggingView.swift in Sources */ = {isa = PBXBuildFile; fileRef = 100000000000000000000058 /* MealLoggingView.swift */; };
		100000000000000000000062 /* MealLoggingViewModel.swift in Sources */ = {isa = PBXBuildFile; fileRef = 100000000000000000000059 /* MealLoggingViewModel.swift */; };
		100000000000000000000063 /* MockMealFoodDetectionService.swift in Sources */ = {isa = PBXBuildFile; fileRef = 10000000000000000000005A /* MockMealFoodDetectionService.swift */; };
		1000000000000000000000C0 /* MealReminderView.swift in Sources */ = {isa = PBXBuildFile; fileRef = 1000000000000000000000C2 /* MealReminderView.swift */; };
		1000000000000000000000C1 /* MealReminderViewModel.swift in Sources */ = {isa = PBXBuildFile; fileRef = 1000000000000000000000C3 /* MealReminderViewModel.swift */; };
		100000000000000000000066 /* WeeklyCheckInView.swift in Sources */ = {isa = PBXBuildFile; fileRef = 100000000000000000000064 /* WeeklyCheckInView.swift */; };
		100000000000000000000067 /* WeeklyCheckInViewModel.swift in Sources */ = {isa = PBXBuildFile; fileRef = 100000000000000000000065 /* WeeklyCheckInViewModel.swift */; };
		1000000000000000000000BE /* CheckInDraft.swift in Sources */ = {isa = PBXBuildFile; fileRef = 1000000000000000000000BF /* CheckInDraft.swift */; };
		100000000000000000000074 /* ProgressPhotosView.swift in Sources */ = {isa = PBXBuildFile; fileRef = 100000000000000000000078 /* ProgressPhotosView.swift */; };
		100000000000000000000075 /* ProgressPhotosViewModel.swift in Sources */ = {isa = PBXBuildFile; fileRef = 100000000000000000000079 /* ProgressPhotosViewModel.swift */; };
		100000000000000000000076 /* StoredProgressPhotoMetadata.swift in Sources */ = {isa = PBXBuildFile; fileRef = 100000000000000000000080 /* StoredProgressPhotoMetadata.swift */; };
		100000000000000000000077 /* SwiftDataProgressPhotoRepository.swift in Sources */ = {isa = PBXBuildFile; fileRef = 100000000000000000000081 /* SwiftDataProgressPhotoRepository.swift */; };
		100000000000000000000082 /* NutritionAdjustmentModels.swift in Sources */ = {isa = PBXBuildFile; fileRef = 100000000000000000000086 /* NutritionAdjustmentModels.swift */; };
		100000000000000000000083 /* NutritionAdjustmentRecommendationService.swift in Sources */ = {isa = PBXBuildFile; fileRef = 100000000000000000000087 /* NutritionAdjustmentRecommendationService.swift */; };
		100000000000000000000084 /* NutritionAdjustmentView.swift in Sources */ = {isa = PBXBuildFile; fileRef = 100000000000000000000088 /* NutritionAdjustmentView.swift */; };
		100000000000000000000085 /* NutritionAdjustmentViewModel.swift in Sources */ = {isa = PBXBuildFile; fileRef = 100000000000000000000089 /* NutritionAdjustmentViewModel.swift */; };
		100000000000000000000096 /* OnboardingViewModel.swift in Sources */ = {isa = PBXBuildFile; fileRef = 100000000000000000000097 /* OnboardingViewModel.swift */; };
		100000000000000000000094 /* ProgressChartsView.swift in Sources */ = {isa = PBXBuildFile; fileRef = 100000000000000000000092 /* ProgressChartsView.swift */; };
		100000000000000000000095 /* ProgressChartsViewModel.swift in Sources */ = {isa = PBXBuildFile; fileRef = 100000000000000000000093 /* ProgressChartsViewModel.swift */; };
		1000000000000000000000A5 /* NutritionAdjustmentRecommendationServiceTests.swift in Sources */ = {isa = PBXBuildFile; fileRef = 1000000000000000000000A3 /* NutritionAdjustmentRecommendationServiceTests.swift */; };
		1000000000000000000000A6 /* XCTest.framework in Frameworks */ = {isa = PBXBuildFile; fileRef = 1000000000000000000000A4 /* XCTest.framework */; };
/* End PBXBuildFile section */

/* Begin PBXContainerItemProxy section */
		1000000000000000000000AC /* PBXContainerItemProxy */ = {
			isa = PBXContainerItemProxy;
			containerPortal = 100000000000000000000001 /* Project object */;
			proxyType = 1;
			remoteGlobalIDString = 10000000000000000000000B;
			remoteInfo = Dietum;
		};
/* End PBXContainerItemProxy section */

/* Begin PBXFileReference section */
		10000000000000000000000D /* Dietum.app */ = {isa = PBXFileReference; explicitFileType = wrapper.application; includeInIndex = 0; path = Dietum.app; sourceTree = BUILT_PRODUCTS_DIR; };
		10000000000000000000000F /* DietumApp.swift */ = {isa = PBXFileReference; lastKnownFileType = sourcecode.swift; path = DietumApp.swift; sourceTree = "<group>"; };
		100000000000000000000010 /* RootView.swift */ = {isa = PBXFileReference; lastKnownFileType = sourcecode.swift; path = RootView.swift; sourceTree = "<group>"; };
		100000000000000000000011 /* AppContainer.swift */ = {isa = PBXFileReference; lastKnownFileType = sourcecode.swift; path = AppContainer.swift; sourceTree = "<group>"; };
		100000000000000000000012 /* AppRoute.swift */ = {isa = PBXFileReference; lastKnownFileType = sourcecode.swift; path = AppRoute.swift; sourceTree = "<group>"; };
		100000000000000000000013 /* DashboardView.swift */ = {isa = PBXFileReference; lastKnownFileType = sourcecode.swift; path = DashboardView.swift; sourceTree = "<group>"; };
		100000000000000000000098 /* DashboardViewModel.swift */ = {isa = PBXFileReference; lastKnownFileType = sourcecode.swift; path = DashboardViewModel.swift; sourceTree = "<group>"; };
		100000000000000000000014 /* OnboardingView.swift */ = {isa = PBXFileReference; lastKnownFileType = sourcecode.swift; path = OnboardingView.swift; sourceTree = "<group>"; };
		100000000000000000000097 /* OnboardingViewModel.swift */ = {isa = PBXFileReference; lastKnownFileType = sourcecode.swift; path = OnboardingViewModel.swift; sourceTree = "<group>"; };
		1000000000000000000000B0 /* GoalSetupDraft.swift */ = {isa = PBXFileReference; lastKnownFileType = sourcecode.swift; path = GoalSetupDraft.swift; sourceTree = "<group>"; };
		1000000000000000000000B1 /* GoalSetupViewModel.swift */ = {isa = PBXFileReference; lastKnownFileType = sourcecode.swift; path = GoalSetupViewModel.swift; sourceTree = "<group>"; };
		1000000000000000000000BC /* GoalSetupView.swift */ = {isa = PBXFileReference; lastKnownFileType = sourcecode.swift; path = GoalSetupView.swift; sourceTree = "<group>"; };
		1000000000000000000000B2 /* SleepSetupView.swift */ = {isa = PBXFileReference; lastKnownFileType = sourcecode.swift; path = SleepSetupView.swift; sourceTree = "<group>"; };
		1000000000000000000000B3 /* SleepSetupViewModel.swift */ = {isa = PBXFileReference; lastKnownFileType = sourcecode.swift; path = SleepSetupViewModel.swift; sourceTree = "<group>"; };
		1000000000000000000000B4 /* OnboardingDraft.swift */ = {isa = PBXFileReference; lastKnownFileType = sourcecode.swift; path = OnboardingDraft.swift; sourceTree = "<group>"; };
		100000000000000000000015 /* DomainModelPlaceholder.swift */ = {isa = PBXFileReference; lastKnownFileType = sourcecode.swift; path = DomainModelPlaceholder.swift; sourceTree = "<group>"; };
		100000000000000000000016 /* RepositoryPlaceholder.swift */ = {isa = PBXFileReference; lastKnownFileType = sourcecode.swift; path = RepositoryPlaceholder.swift; sourceTree = "<group>"; };
		100000000000000000000017 /* ServicePlaceholder.swift */ = {isa = PBXFileReference; lastKnownFileType = sourcecode.swift; path = ServicePlaceholder.swift; sourceTree = "<group>"; };
		100000000000000000000022 /* NavigationPlaceholder.swift */ = {isa = PBXFileReference; lastKnownFileType = sourcecode.swift; path = NavigationPlaceholder.swift; sourceTree = "<group>"; };
		100000000000000000000023 /* DependencyInjectionPlaceholder.swift */ = {isa = PBXFileReference; lastKnownFileType = sourcecode.swift; path = DependencyInjectionPlaceholder.swift; sourceTree = "<group>"; };
		100000000000000000000024 /* DesignSystemPlaceholder.swift */ = {isa = PBXFileReference; lastKnownFileType = sourcecode.swift; path = DesignSystemPlaceholder.swift; sourceTree = "<group>"; };
		100000000000000000000025 /* Info.plist */ = {isa = PBXFileReference; lastKnownFileType = text.plist.xml; path = Info.plist; sourceTree = "<group>"; };
		100000000000000000000042 /* DietumPersistenceStack.swift */ = {isa = PBXFileReference; lastKnownFileType = sourcecode.swift; path = DietumPersistenceStack.swift; sourceTree = "<group>"; };
		100000000000000000000043 /* StoredNutritionTarget.swift */ = {isa = PBXFileReference; lastKnownFileType = sourcecode.swift; path = StoredNutritionTarget.swift; sourceTree = "<group>"; };
		100000000000000000000044 /* StoredUserProfile.swift */ = {isa = PBXFileReference; lastKnownFileType = sourcecode.swift; path = StoredUserProfile.swift; sourceTree = "<group>"; };
		100000000000000000000045 /* StoredWeightEntry.swift */ = {isa = PBXFileReference; lastKnownFileType = sourcecode.swift; path = StoredWeightEntry.swift; sourceTree = "<group>"; };
		100000000000000000000046 /* SwiftDataNutritionTargetRepository.swift */ = {isa = PBXFileReference; lastKnownFileType = sourcecode.swift; path = SwiftDataNutritionTargetRepository.swift; sourceTree = "<group>"; };
		100000000000000000000047 /* SwiftDataUserProfileRepository.swift */ = {isa = PBXFileReference; lastKnownFileType = sourcecode.swift; path = SwiftDataUserProfileRepository.swift; sourceTree = "<group>"; };
		100000000000000000000048 /* SwiftDataWeightEntryRepository.swift */ = {isa = PBXFileReference; lastKnownFileType = sourcecode.swift; path = SwiftDataWeightEntryRepository.swift; sourceTree = "<group>"; };
		100000000000000000000054 /* StoredMealEntry.swift */ = {isa = PBXFileReference; lastKnownFileType = sourcecode.swift; path = StoredMealEntry.swift; sourceTree = "<group>"; };
		100000000000000000000055 /* StoredMealPhotoMetadata.swift */ = {isa = PBXFileReference; lastKnownFileType = sourcecode.swift; path = StoredMealPhotoMetadata.swift; sourceTree = "<group>"; };
		100000000000000000000056 /* SwiftDataMealEntryRepository.swift */ = {isa = PBXFileReference; lastKnownFileType = sourcecode.swift; path = SwiftDataMealEntryRepository.swift; sourceTree = "<group>"; };
		100000000000000000000057 /* SwiftDataMealPhotoMetadataRepository.swift */ = {isa = PBXFileReference; lastKnownFileType = sourcecode.swift; path = SwiftDataMealPhotoMetadataRepository.swift; sourceTree = "<group>"; };
		100000000000000000000058 /* MealLoggingView.swift */ = {isa = PBXFileReference; lastKnownFileType = sourcecode.swift; path = MealLoggingView.swift; sourceTree = "<group>"; };
		100000000000000000000059 /* MealLoggingViewModel.swift */ = {isa = PBXFileReference; lastKnownFileType = sourcecode.swift; path = MealLoggingViewModel.swift; sourceTree = "<group>"; };
		10000000000000000000005A /* MockMealFoodDetectionService.swift */ = {isa = PBXFileReference; lastKnownFileType = sourcecode.swift; path = MockMealFoodDetectionService.swift; sourceTree = "<group>"; };
		1000000000000000000000C2 /* MealReminderView.swift */ = {isa = PBXFileReference; lastKnownFileType = sourcecode.swift; path = MealReminderView.swift; sourceTree = "<group>"; };
		1000000000000000000000C3 /* MealReminderViewModel.swift */ = {isa = PBXFileReference; lastKnownFileType = sourcecode.swift; path = MealReminderViewModel.swift; sourceTree = "<group>"; };
		100000000000000000000064 /* WeeklyCheckInView.swift */ = {isa = PBXFileReference; lastKnownFileType = sourcecode.swift; path = WeeklyCheckInView.swift; sourceTree = "<group>"; };
		100000000000000000000065 /* WeeklyCheckInViewModel.swift */ = {isa = PBXFileReference; lastKnownFileType = sourcecode.swift; path = WeeklyCheckInViewModel.swift; sourceTree = "<group>"; };
		1000000000000000000000BF /* CheckInDraft.swift */ = {isa = PBXFileReference; lastKnownFileType = sourcecode.swift; path = CheckInDraft.swift; sourceTree = "<group>"; };
		100000000000000000000078 /* ProgressPhotosView.swift */ = {isa = PBXFileReference; lastKnownFileType = sourcecode.swift; path = ProgressPhotosView.swift; sourceTree = "<group>"; };
		100000000000000000000079 /* ProgressPhotosViewModel.swift */ = {isa = PBXFileReference; lastKnownFileType = sourcecode.swift; path = ProgressPhotosViewModel.swift; sourceTree = "<group>"; };
		100000000000000000000080 /* StoredProgressPhotoMetadata.swift */ = {isa = PBXFileReference; lastKnownFileType = sourcecode.swift; path = StoredProgressPhotoMetadata.swift; sourceTree = "<group>"; };
		100000000000000000000081 /* SwiftDataProgressPhotoRepository.swift */ = {isa = PBXFileReference; lastKnownFileType = sourcecode.swift; path = SwiftDataProgressPhotoRepository.swift; sourceTree = "<group>"; };
		100000000000000000000086 /* NutritionAdjustmentModels.swift */ = {isa = PBXFileReference; lastKnownFileType = sourcecode.swift; path = NutritionAdjustmentModels.swift; sourceTree = "<group>"; };
		100000000000000000000087 /* NutritionAdjustmentRecommendationService.swift */ = {isa = PBXFileReference; lastKnownFileType = sourcecode.swift; path = NutritionAdjustmentRecommendationService.swift; sourceTree = "<group>"; };
		100000000000000000000088 /* NutritionAdjustmentView.swift */ = {isa = PBXFileReference; lastKnownFileType = sourcecode.swift; path = NutritionAdjustmentView.swift; sourceTree = "<group>"; };
		100000000000000000000089 /* NutritionAdjustmentViewModel.swift */ = {isa = PBXFileReference; lastKnownFileType = sourcecode.swift; path = NutritionAdjustmentViewModel.swift; sourceTree = "<group>"; };
		100000000000000000000092 /* ProgressChartsView.swift */ = {isa = PBXFileReference; lastKnownFileType = sourcecode.swift; path = ProgressChartsView.swift; sourceTree = "<group>"; };
		100000000000000000000093 /* ProgressChartsViewModel.swift */ = {isa = PBXFileReference; lastKnownFileType = sourcecode.swift; path = ProgressChartsViewModel.swift; sourceTree = "<group>"; };
		1000000000000000000000A1 /* DietumTests.xctest */ = {isa = PBXFileReference; explicitFileType = wrapper.cfbundle; includeInIndex = 0; path = DietumTests.xctest; sourceTree = BUILT_PRODUCTS_DIR; };
		1000000000000000000000A3 /* NutritionAdjustmentRecommendationServiceTests.swift */ = {isa = PBXFileReference; lastKnownFileType = sourcecode.swift; path = NutritionAdjustmentRecommendationServiceTests.swift; sourceTree = "<group>"; };
		1000000000000000000000A4 /* XCTest.framework */ = {isa = PBXFileReference; lastKnownFileType = wrapper.framework; path = XCTest.framework; sourceTree = SDKROOT; };
/* End PBXFileReference section */

/* Begin PBXFrameworksBuildPhase section */
		100000000000000000000009 /* Frameworks */ = {
			isa = PBXFrameworksBuildPhase;
			buildActionMask = 2147483647;
			files = (
			);
			runOnlyForDeploymentPostprocessing = 0;
		};
		1000000000000000000000A8 /* Frameworks */ = {
			isa = PBXFrameworksBuildPhase;
			buildActionMask = 2147483647;
			files = (
				1000000000000000000000A6 /* XCTest.framework in Frameworks */,
			);
			runOnlyForDeploymentPostprocessing = 0;
		};
/* End PBXFrameworksBuildPhase section */

/* Begin PBXGroup section */
		10000000000000000000000C /* Products */ = {
			isa = PBXGroup;
			children = (
				10000000000000000000000D /* Dietum.app */,
				1000000000000000000000A1 /* DietumTests.xctest */,
			);
			name = Products;
			sourceTree = "<group>";
		};
		10000000000000000000000E /* Dietum */ = {
			isa = PBXGroup;
			children = (
				100000000000000000000025 /* Info.plist */,
				100000000000000000000026 /* App */,
				100000000000000000000027 /* Features */,
				100000000000000000000034 /* Data */,
				100000000000000000000028 /* Domain */,
				100000000000000000000029 /* Support */,
				1000000000000000000000A2 /* DietumTests */,
				823EBF8930153B4700C96A81 /* Recovered References */,
			);
			path = Dietum;
			sourceTree = "<group>";
		};
		100000000000000000000026 /* App */ = {
			isa = PBXGroup;
			children = (
				10000000000000000000000F /* DietumApp.swift */,
				100000000000000000000010 /* RootView.swift */,
				100000000000000000000011 /* AppContainer.swift */,
				100000000000000000000012 /* AppRoute.swift */,
			);
			path = App;
			sourceTree = "<group>";
		};
		100000000000000000000027 /* Features */ = {
			isa = PBXGroup;
			children = (
				10000000000000000000002A /* Dashboard */,
				10000000000000000000002B /* Onboarding */,
				1000000000000000000000BD /* GoalSetup */,
				100000000000000000000068 /* CheckIn */,
				100000000000000000000069 /* ProgressPhotos */,
				100000000000000000000091 /* Charts */,
				100000000000000000000090 /* NutritionAdjustment */,
				100000000000000000000038 /* Meals */,
			);
			path = Features;
			sourceTree = "<group>";
		};
		100000000000000000000028 /* Domain */ = {
			isa = PBXGroup;
			children = (
				10000000000000000000002C /* Models */,
				10000000000000000000002D /* Repositories */,
				10000000000000000000002E /* Services */,
			);
			path = Domain;
			sourceTree = "<group>";
		};
		100000000000000000000029 /* Support */ = {
			isa = PBXGroup;
			children = (
				10000000000000000000002F /* DesignSystem */,
				100000000000000000000030 /* DependencyInjection */,
				100000000000000000000031 /* Navigation */,
			);
			path = Support;
			sourceTree = "<group>";
		};
		10000000000000000000002A /* Dashboard */ = {
			isa = PBXGroup;
			children = (
				100000000000000000000013 /* DashboardView.swift */,
				100000000000000000000098 /* DashboardViewModel.swift */,
			);
			path = Dashboard;
			sourceTree = "<group>";
		};
		10000000000000000000002B /* Onboarding */ = {
			isa = PBXGroup;
			children = (
				100000000000000000000014 /* OnboardingView.swift */,
				100000000000000000000097 /* OnboardingViewModel.swift */,
				1000000000000000000000B4 /* OnboardingDraft.swift */,
				1000000000000000000000B2 /* SleepSetupView.swift */,
				1000000000000000000000B3 /* SleepSetupViewModel.swift */,
			);
			path = Onboarding;
			sourceTree = "<group>";
		};
		1000000000000000000000BD /* GoalSetup */ = {
			isa = PBXGroup;
			children = (
				1000000000000000000000BC /* GoalSetupView.swift */,
				1000000000000000000000B0 /* GoalSetupDraft.swift */,
				1000000000000000000000B1 /* GoalSetupViewModel.swift */,
			);
			path = GoalSetup;
			sourceTree = "<group>";
		};
		10000000000000000000002C /* Models */ = {
			isa = PBXGroup;
			children = (
				100000000000000000000086 /* NutritionAdjustmentModels.swift */,
				100000000000000000000015 /* DomainModelPlaceholder.swift */,
			);
			path = Models;
			sourceTree = "<group>";
		};
		10000000000000000000002D /* Repositories */ = {
			isa = PBXGroup;
			children = (
				100000000000000000000016 /* RepositoryPlaceholder.swift */,
			);
			path = Repositories;
			sourceTree = "<group>";
		};
		10000000000000000000002E /* Services */ = {
			isa = PBXGroup;
			children = (
				100000000000000000000087 /* NutritionAdjustmentRecommendationService.swift */,
				100000000000000000000017 /* ServicePlaceholder.swift */,
			);
			path = Services;
			sourceTree = "<group>";
		};
		10000000000000000000002F /* DesignSystem */ = {
			isa = PBXGroup;
			children = (
				100000000000000000000024 /* DesignSystemPlaceholder.swift */,
			);
			path = DesignSystem;
			sourceTree = "<group>";
		};
		100000000000000000000030 /* DependencyInjection */ = {
			isa = PBXGroup;
			children = (
				100000000000000000000023 /* DependencyInjectionPlaceholder.swift */,
			);
			path = DependencyInjection;
			sourceTree = "<group>";
		};
		100000000000000000000031 /* Navigation */ = {
			isa = PBXGroup;
			children = (
				100000000000000000000022 /* NavigationPlaceholder.swift */,
			);
			path = Navigation;
			sourceTree = "<group>";
		};
		100000000000000000000034 /* Data */ = {
			isa = PBXGroup;
			children = (
				100000000000000000000035 /* SwiftData */,
				100000000000000000000037 /* Repositories */,
			);
			path = Data;
			sourceTree = "<group>";
		};
		100000000000000000000035 /* SwiftData */ = {
			isa = PBXGroup;
			children = (
				100000000000000000000036 /* Models */,
				100000000000000000000042 /* DietumPersistenceStack.swift */,
			);
			path = SwiftData;
			sourceTree = "<group>";
		};
		100000000000000000000036 /* Models */ = {
			isa = PBXGroup;
			children = (
				100000000000000000000054 /* StoredMealEntry.swift */,
				100000000000000000000055 /* StoredMealPhotoMetadata.swift */,
				100000000000000000000080 /* StoredProgressPhotoMetadata.swift */,
				100000000000000000000043 /* StoredNutritionTarget.swift */,
				100000000000000000000044 /* StoredUserProfile.swift */,
				100000000000000000000045 /* StoredWeightEntry.swift */,
			);
			path = Models;
			sourceTree = "<group>";
		};
		100000000000000000000037 /* Repositories */ = {
			isa = PBXGroup;
			children = (
				100000000000000000000056 /* SwiftDataMealEntryRepository.swift */,
				100000000000000000000057 /* SwiftDataMealPhotoMetadataRepository.swift */,
				100000000000000000000081 /* SwiftDataProgressPhotoRepository.swift */,
				100000000000000000000046 /* SwiftDataNutritionTargetRepository.swift */,
				100000000000000000000047 /* SwiftDataUserProfileRepository.swift */,
				100000000000000000000048 /* SwiftDataWeightEntryRepository.swift */,
			);
			path = Repositories;
			sourceTree = "<group>";
		};
		100000000000000000000038 /* Meals */ = {
			isa = PBXGroup;
			children = (
				100000000000000000000058 /* MealLoggingView.swift */,
				100000000000000000000059 /* MealLoggingViewModel.swift */,
				10000000000000000000005A /* MockMealFoodDetectionService.swift */,
				1000000000000000000000C2 /* MealReminderView.swift */,
				1000000000000000000000C3 /* MealReminderViewModel.swift */,
			);
			path = Meals;
			sourceTree = "<group>";
		};
		100000000000000000000068 /* CheckIn */ = {
			isa = PBXGroup;
			children = (
				1000000000000000000000BF /* CheckInDraft.swift */,
				100000000000000000000064 /* WeeklyCheckInView.swift */,
				100000000000000000000065 /* WeeklyCheckInViewModel.swift */,
			);
			path = CheckIn;
			sourceTree = "<group>";
		};
		100000000000000000000069 /* ProgressPhotos */ = {
			isa = PBXGroup;
			children = (
				100000000000000000000078 /* ProgressPhotosView.swift */,
				100000000000000000000079 /* ProgressPhotosViewModel.swift */,
			);
			path = ProgressPhotos;
			sourceTree = "<group>";
		};
		100000000000000000000090 /* NutritionAdjustment */ = {
			isa = PBXGroup;
			children = (
				100000000000000000000088 /* NutritionAdjustmentView.swift */,
				100000000000000000000089 /* NutritionAdjustmentViewModel.swift */,
			);
			path = NutritionAdjustment;
			sourceTree = "<group>";
		};
		100000000000000000000091 /* Charts */ = {
			isa = PBXGroup;
			children = (
				100000000000000000000092 /* ProgressChartsView.swift */,
				100000000000000000000093 /* ProgressChartsViewModel.swift */,
			);
			path = Charts;
			sourceTree = "<group>";
		};
		1000000000000000000000A2 /* DietumTests */ = {
			isa = PBXGroup;
			children = (
				1000000000000000000000A3 /* NutritionAdjustmentRecommendationServiceTests.swift */,
			);
			path = DietumTests;
			sourceTree = "<group>";
		};
		823EBF8930153B4700C96A81 /* Recovered References */ = {
			isa = PBXGroup;
			children = (
				1000000000000000000000A4 /* XCTest.framework */,
			);
			name = "Recovered References";
			sourceTree = "<group>";
		};
/* End PBXGroup section */

/* Begin PBXNativeTarget section */
		10000000000000000000000B /* Dietum */ = {
			isa = PBXNativeTarget;
			buildConfigurationList = 100000000000000000000005 /* Build configuration list for PBXNativeTarget "Dietum" */;
			buildPhases = (
				100000000000000000000008 /* Sources */,
				100000000000000000000009 /* Frameworks */,
				10000000000000000000000A /* Resources */,
			);
			buildRules = (
			);
			dependencies = (
			);
			name = Dietum;
			productName = Dietum;
			productReference = 10000000000000000000000D /* Dietum.app */;
			productType = "com.apple.product-type.application";
		};
		1000000000000000000000AA /* DietumTests */ = {
			isa = PBXNativeTarget;
			buildConfigurationList = 1000000000000000000000AF /* Build configuration list for PBXNativeTarget "DietumTests" */;
			buildPhases = (
				1000000000000000000000A7 /* Sources */,
				1000000000000000000000A8 /* Frameworks */,
				1000000000000000000000A9 /* Resources */,
			);
			buildRules = (
			);
			dependencies = (
				1000000000000000000000AB /* PBXTargetDependency */,
			);
			name = DietumTests;
			productName = DietumTests;
			productReference = 1000000000000000000000A1 /* DietumTests.xctest */;
			productType = "com.apple.product-type.bundle.unit-test";
		};
/* End PBXNativeTarget section */

/* Begin PBXProject section */
		100000000000000000000001 /* Project object */ = {
			isa = PBXProject;
			attributes = {
				BuildIndependentTargetsInParallel = 1;
				LastUpgradeCheck = 2650;
				TargetAttributes = {
					10000000000000000000000B = {
						CreatedOnToolsVersion = 26.5;
					};
				};
			};
			buildConfigurationList = 100000000000000000000002 /* Build configuration list for PBXProject "Dietum" */;
			developmentRegion = en;
			hasScannedForEncodings = 0;
			knownRegions = (
				en,
				Base,
			);
			mainGroup = 10000000000000000000000E /* Dietum */;
			preferredProjectObjectVersion = 77;
			productRefGroup = 10000000000000000000000C /* Products */;
			projectDirPath = "";
			projectRoot = "";
			targets = (
				10000000000000000000000B /* Dietum */,
				1000000000000000000000AA /* DietumTests */,
			);
		};
/* End PBXProject section */

/* Begin PBXResourcesBuildPhase section */
		10000000000000000000000A /* Resources */ = {
			isa = PBXResourcesBuildPhase;
			buildActionMask = 2147483647;
			files = (
			);
			runOnlyForDeploymentPostprocessing = 0;
		};
		1000000000000000000000A9 /* Resources */ = {
			isa = PBXResourcesBuildPhase;
			buildActionMask = 2147483647;
			files = (
			);
			runOnlyForDeploymentPostprocessing = 0;
		};
/* End PBXResourcesBuildPhase section */

/* Begin PBXSourcesBuildPhase section */
		100000000000000000000008 /* Sources */ = {
			isa = PBXSourcesBuildPhase;
			buildActionMask = 2147483647;
			files = (
				100000000000000000000018 /* DietumApp.swift in Sources */,
				100000000000000000000019 /* RootView.swift in Sources */,
				10000000000000000000001A /* AppContainer.swift in Sources */,
				10000000000000000000001B /* AppRoute.swift in Sources */,
				10000000000000000000001C /* DashboardView.swift in Sources */,
				100000000000000000000099 /* DashboardViewModel.swift in Sources */,
				10000000000000000000001D /* OnboardingView.swift in Sources */,
				1000000000000000000000BB /* GoalSetupView.swift in Sources */,
				1000000000000000000000B5 /* GoalSetupDraft.swift in Sources */,
				1000000000000000000000B6 /* GoalSetupViewModel.swift in Sources */,
				1000000000000000000000B7 /* SleepSetupView.swift in Sources */,
				1000000000000000000000B8 /* SleepSetupViewModel.swift in Sources */,
				1000000000000000000000B9 /* OnboardingDraft.swift in Sources */,
				10000000000000000000001E /* DomainModelPlaceholder.swift in Sources */,
				10000000000000000000001F /* RepositoryPlaceholder.swift in Sources */,
				100000000000000000000020 /* ServicePlaceholder.swift in Sources */,
				100000000000000000000021 /* NavigationPlaceholder.swift in Sources */,
				100000000000000000000032 /* DependencyInjectionPlaceholder.swift in Sources */,
				100000000000000000000033 /* DesignSystemPlaceholder.swift in Sources */,
				100000000000000000000049 /* DietumPersistenceStack.swift in Sources */,
				100000000000000000000050 /* StoredMealEntry.swift in Sources */,
				100000000000000000000051 /* StoredMealPhotoMetadata.swift in Sources */,
				10000000000000000000004A /* StoredNutritionTarget.swift in Sources */,
				10000000000000000000004B /* StoredUserProfile.swift in Sources */,
				10000000000000000000004C /* StoredWeightEntry.swift in Sources */,
				100000000000000000000052 /* SwiftDataMealEntryRepository.swift in Sources */,
				100000000000000000000053 /* SwiftDataMealPhotoMetadataRepository.swift in Sources */,
				10000000000000000000004D /* SwiftDataNutritionTargetRepository.swift in Sources */,
				10000000000000000000004E /* SwiftDataUserProfileRepository.swift in Sources */,
				10000000000000000000004F /* SwiftDataWeightEntryRepository.swift in Sources */,
				100000000000000000000061 /* MealLoggingView.swift in Sources */,
				100000000000000000000062 /* MealLoggingViewModel.swift in Sources */,
				100000000000000000000063 /* MockMealFoodDetectionService.swift in Sources */,
				1000000000000000000000C0 /* MealReminderView.swift in Sources */,
				1000000000000000000000C1 /* MealReminderViewModel.swift in Sources */,
				100000000000000000000066 /* WeeklyCheckInView.swift in Sources */,
				100000000000000000000067 /* WeeklyCheckInViewModel.swift in Sources */,
				1000000000000000000000BE /* CheckInDraft.swift in Sources */,
				100000000000000000000074 /* ProgressPhotosView.swift in Sources */,
				100000000000000000000075 /* ProgressPhotosViewModel.swift in Sources */,
				100000000000000000000076 /* StoredProgressPhotoMetadata.swift in Sources */,
				100000000000000000000077 /* SwiftDataProgressPhotoRepository.swift in Sources */,
				100000000000000000000094 /* ProgressChartsView.swift in Sources */,
				100000000000000000000095 /* ProgressChartsViewModel.swift in Sources */,
				100000000000000000000096 /* OnboardingViewModel.swift in Sources */,
				100000000000000000000082 /* NutritionAdjustmentModels.swift in Sources */,
				100000000000000000000083 /* NutritionAdjustmentRecommendationService.swift in Sources */,
				100000000000000000000084 /* NutritionAdjustmentView.swift in Sources */,
				100000000000000000000085 /* NutritionAdjustmentViewModel.swift in Sources */,
			);
			runOnlyForDeploymentPostprocessing = 0;
		};
		1000000000000000000000A7 /* Sources */ = {
			isa = PBXSourcesBuildPhase;
			buildActionMask = 2147483647;
			files = (
				1000000000000000000000A5 /* NutritionAdjustmentRecommendationServiceTests.swift in Sources */,
			);
			runOnlyForDeploymentPostprocessing = 0;
		};
/* End PBXSourcesBuildPhase section */

/* Begin PBXTargetDependency section */
		1000000000000000000000AB /* PBXTargetDependency */ = {
			isa = PBXTargetDependency;
			target = 10000000000000000000000B /* Dietum */;
			targetProxy = 1000000000000000000000AC /* PBXContainerItemProxy */;
		};
/* End PBXTargetDependency section */

/* Begin XCBuildConfiguration section */
		100000000000000000000003 /* Debug */ = {
			isa = XCBuildConfiguration;
			buildSettings = {
				ALWAYS_SEARCH_USER_PATHS = NO;
				CLANG_ENABLE_OBJC_ARC = YES;
				CLANG_WARN_BLOCK_CAPTURE_AUTORELEASING = YES;
				CLANG_WARN_BOOL_CONVERSION = YES;
				CLANG_WARN_COMMA = YES;
				CLANG_WARN_CONSTANT_CONVERSION = YES;
				CLANG_WARN_DEPRECATED_OBJC_IMPLEMENTATIONS = YES;
				CLANG_WARN_EMPTY_BODY = YES;
				CLANG_WARN_ENUM_CONVERSION = YES;
				CLANG_WARN_INFINITE_RECURSION = YES;
				CLANG_WARN_INT_CONVERSION = YES;
				CLANG_WARN_NON_LITERAL_NULL_CONVERSION = YES;
				CLANG_WARN_OBJC_IMPLICIT_RETAIN_SELF = YES;
				CLANG_WARN_OBJC_LITERAL_CONVERSION = YES;
				CLANG_WARN_QUOTED_INCLUDE_IN_FRAMEWORK_HEADER = YES;
				CLANG_WARN_RANGE_LOOP_ANALYSIS = YES;
				CLANG_WARN_STRICT_PROTOTYPES = YES;
				CLANG_WARN_SUSPICIOUS_MOVE = YES;
				CLANG_WARN_UNREACHABLE_CODE = YES;
				CLANG_WARN__DUPLICATE_METHOD_MATCH = YES;
				CODE_SIGNING_ALLOWED = NO;
				CODE_SIGNING_REQUIRED = NO;
				CODE_SIGN_STYLE = Manual;
				CURRENT_PROJECT_VERSION = 1;
				DEVELOPMENT_LANGUAGE = en;
				ENABLE_STRICT_OBJC_MSGSEND = YES;
				ENABLE_TESTABILITY = YES;
				ENABLE_USER_SCRIPT_SANDBOXING = YES;
				GCC_NO_COMMON_BLOCKS = YES;
				GCC_WARN_64_TO_32_BIT_CONVERSION = YES;
				GCC_WARN_ABOUT_RETURN_TYPE = YES;
				GCC_WARN_UNDECLARED_SELECTOR = YES;
				GCC_WARN_UNINITIALIZED_AUTOS = YES;
				GCC_WARN_UNUSED_FUNCTION = YES;
				GCC_WARN_UNUSED_VARIABLE = YES;
				INFOPLIST_FILE = Dietum/Info.plist;
				IPHONEOS_DEPLOYMENT_TARGET = 18.0;
				LD_RUNPATH_SEARCH_PATHS = (
					"$(inherited)",
					"@executable_path/Frameworks",
				);
				MARKETING_VERSION = 1.0;
				ONLY_ACTIVE_ARCH = YES;
				PRODUCT_BUNDLE_IDENTIFIER = com.kbnawalakha.Dietum;
				PRODUCT_NAME = Dietum;
				SDKROOT = iphoneos;
				STRING_CATALOG_GENERATE_SYMBOLS = YES;
				SUPPORTED_PLATFORMS = "iphonesimulator iphoneos";
				SWIFT_ACTIVE_COMPILATION_CONDITIONS = "DEBUG $(inherited)";
				SWIFT_EMIT_LOC_STRINGS = YES;
				SWIFT_OPTIMIZATION_LEVEL = "-Onone";
				SWIFT_VERSION = 6.0;
				TARGETED_DEVICE_FAMILY = 1;
				VERSIONING_SYSTEM = "apple-generic";
			};
			name = Debug;
		};
		100000000000000000000004 /* Release */ = {
			isa = XCBuildConfiguration;
			buildSettings = {
				ALWAYS_SEARCH_USER_PATHS = NO;
				CLANG_ENABLE_OBJC_ARC = YES;
				CLANG_WARN_BLOCK_CAPTURE_AUTORELEASING = YES;
				CLANG_WARN_BOOL_CONVERSION = YES;
				CLANG_WARN_COMMA = YES;
				CLANG_WARN_CONSTANT_CONVERSION = YES;
				CLANG_WARN_DEPRECATED_OBJC_IMPLEMENTATIONS = YES;
				CLANG_WARN_EMPTY_BODY = YES;
				CLANG_WARN_ENUM_CONVERSION = YES;
				CLANG_WARN_INFINITE_RECURSION = YES;
				CLANG_WARN_INT_CONVERSION = YES;
				CLANG_WARN_NON_LITERAL_NULL_CONVERSION = YES;
				CLANG_WARN_OBJC_IMPLICIT_RETAIN_SELF = YES;
				CLANG_WARN_OBJC_LITERAL_CONVERSION = YES;
				CLANG_WARN_QUOTED_INCLUDE_IN_FRAMEWORK_HEADER = YES;
				CLANG_WARN_RANGE_LOOP_ANALYSIS = YES;
				CLANG_WARN_STRICT_PROTOTYPES = YES;
				CLANG_WARN_SUSPICIOUS_MOVE = YES;
				CLANG_WARN_UNREACHABLE_CODE = YES;
				CLANG_WARN__DUPLICATE_METHOD_MATCH = YES;
				CODE_SIGNING_ALLOWED = NO;
				CODE_SIGNING_REQUIRED = NO;
				CODE_SIGN_STYLE = Manual;
				CURRENT_PROJECT_VERSION = 1;
				DEVELOPMENT_LANGUAGE = en;
				ENABLE_STRICT_OBJC_MSGSEND = YES;
				ENABLE_USER_SCRIPT_SANDBOXING = YES;
				GCC_NO_COMMON_BLOCKS = YES;
				GCC_WARN_64_TO_32_BIT_CONVERSION = YES;
				GCC_WARN_ABOUT_RETURN_TYPE = YES;
				GCC_WARN_UNDECLARED_SELECTOR = YES;
				GCC_WARN_UNINITIALIZED_AUTOS = YES;
				GCC_WARN_UNUSED_FUNCTION = YES;
				GCC_WARN_UNUSED_VARIABLE = YES;
				INFOPLIST_FILE = Dietum/Info.plist;
				IPHONEOS_DEPLOYMENT_TARGET = 18.0;
				LD_RUNPATH_SEARCH_PATHS = (
					"$(inherited)",
					"@executable_path/Frameworks",
				);
				MARKETING_VERSION = 1.0;
				PRODUCT_BUNDLE_IDENTIFIER = com.kbnawalakha.Dietum;
				PRODUCT_NAME = Dietum;
				SDKROOT = iphoneos;
				STRING_CATALOG_GENERATE_SYMBOLS = YES;
				SUPPORTED_PLATFORMS = "iphonesimulator iphoneos";
				SWIFT_COMPILATION_MODE = wholemodule;
				SWIFT_EMIT_LOC_STRINGS = YES;
				SWIFT_OPTIMIZATION_LEVEL = "-O";
				SWIFT_VERSION = 6.0;
				TARGETED_DEVICE_FAMILY = 1;
				VERSIONING_SYSTEM = "apple-generic";
			};
			name = Release;
		};
		100000000000000000000006 /* Debug */ = {
			isa = XCBuildConfiguration;
			buildSettings = {
				ALWAYS_SEARCH_USER_PATHS = NO;
				CLANG_ENABLE_OBJC_ARC = YES;
				CODE_SIGNING_ALLOWED = NO;
				CODE_SIGNING_REQUIRED = NO;
				DEVELOPMENT_LANGUAGE = en;
				GENERATE_INFOPLIST_FILE = YES;
				IPHONEOS_DEPLOYMENT_TARGET = 18.0;
				MARKETING_VERSION = 1.0;
				PRODUCT_BUNDLE_IDENTIFIER = com.kbnawalakha.Dietum;
				PRODUCT_NAME = Dietum;
				SWIFT_VERSION = 6.0;
			};
			name = Debug;
		};
		100000000000000000000007 /* Release */ = {
			isa = XCBuildConfiguration;
			buildSettings = {
				ALWAYS_SEARCH_USER_PATHS = NO;
				CLANG_ENABLE_OBJC_ARC = YES;
				CODE_SIGNING_ALLOWED = NO;
				CODE_SIGNING_REQUIRED = NO;
				DEVELOPMENT_LANGUAGE = en;
				GENERATE_INFOPLIST_FILE = YES;
				IPHONEOS_DEPLOYMENT_TARGET = 18.0;
				MARKETING_VERSION = 1.0;
				PRODUCT_BUNDLE_IDENTIFIER = com.kbnawalakha.Dietum;
				PRODUCT_NAME = Dietum;
				SWIFT_VERSION = 6.0;
			};
			name = Release;
		};
		1000000000000000000000AD /* Debug */ = {
			isa = XCBuildConfiguration;
			buildSettings = {
				ALWAYS_SEARCH_USER_PATHS = NO;
				BUNDLE_LOADER = "$(TEST_HOST)";
				CLANG_ENABLE_OBJC_ARC = YES;
				CODE_SIGNING_ALLOWED = NO;
				CODE_SIGNING_REQUIRED = NO;
				CURRENT_PROJECT_VERSION = 1;
				DEVELOPMENT_LANGUAGE = en;
				GENERATE_INFOPLIST_FILE = YES;
				IPHONEOS_DEPLOYMENT_TARGET = 18.0;
				MARKETING_VERSION = 1.0;
				PRODUCT_BUNDLE_IDENTIFIER = com.kbnawalakha.DietumTests;
				PRODUCT_NAME = DietumTests;
				SDKROOT = iphoneos;
				SWIFT_VERSION = 6.0;
				TEST_HOST = "$(BUILT_PRODUCTS_DIR)/Dietum.app/Dietum";
			};
			name = Debug;
		};
		1000000000000000000000AE /* Release */ = {
			isa = XCBuildConfiguration;
			buildSettings = {
				ALWAYS_SEARCH_USER_PATHS = NO;
				BUNDLE_LOADER = "$(TEST_HOST)";
				CLANG_ENABLE_OBJC_ARC = YES;
				CODE_SIGNING_ALLOWED = NO;
				CODE_SIGNING_REQUIRED = NO;
				CURRENT_PROJECT_VERSION = 1;
				DEVELOPMENT_LANGUAGE = en;
				GENERATE_INFOPLIST_FILE = YES;
				IPHONEOS_DEPLOYMENT_TARGET = 18.0;
				MARKETING_VERSION = 1.0;
				PRODUCT_BUNDLE_IDENTIFIER = com.kbnawalakha.DietumTests;
				PRODUCT_NAME = DietumTests;
				SDKROOT = iphoneos;
				SWIFT_VERSION = 6.0;
				TEST_HOST = "$(BUILT_PRODUCTS_DIR)/Dietum.app/Dietum";
			};
			name = Release;
		};
/* End XCBuildConfiguration section */

/* Begin XCConfigurationList section */
		100000000000000000000002 /* Build configuration list for PBXProject "Dietum" */ = {
			isa = XCConfigurationList;
			buildConfigurations = (
				100000000000000000000003 /* Debug */,
				100000000000000000000004 /* Release */,
			);
			defaultConfigurationIsVisible = 0;
			defaultConfigurationName = Release;
		};
		100000000000000000000005 /* Build configuration list for PBXNativeTarget "Dietum" */ = {
			isa = XCConfigurationList;
			buildConfigurations = (
				100000000000000000000006 /* Debug */,
				100000000000000000000007 /* Release */,
			);
			defaultConfigurationIsVisible = 0;
			defaultConfigurationName = Release;
		};
		1000000000000000000000AF /* Build configuration list for PBXNativeTarget "DietumTests" */ = {
			isa = XCConfigurationList;
			buildConfigurations = (
				1000000000000000000000AD /* Debug */,
				1000000000000000000000AE /* Release */,
			);
			defaultConfigurationIsVisible = 0;
			defaultConfigurationName = Release;
		};
/* End XCConfigurationList section */
	};
	rootObject = 100000000000000000000001 /* Project object */;
}
